
Microsoft Visual Studio Solution File, Format Version 12.00
# Visual Studio Version 17
VisualStudioVersion = 17.10.34804.81
MinimumVisualStudioVersion = 10.0.40219.1
Project("{FAE04EC0-301F-11D3-BF4B-00C04F79EFBC}") = "CastleDynamicProxyTests", "CastleDynamicProxyTests\CastleDynamicProxyTests.csproj", "{94724C26-9EB6-4145-AFFD-7CA2A74BFB34}"
EndProject
Global
	GlobalSection(SolutionConfigurationPlatforms) = preSolution
		Debug|Any CPU = Debug|Any CPU
		Release|Any CPU = Release|Any CPU
	EndGlobalSection
	GlobalSection(ProjectConfigurationPlatforms) = postSolution
		{94724C26-9EB6-4145-AFFD-7CA2A74BFB34}.Debug|Any CPU.ActiveCfg = Debug|Any CPU
		{94724C26-9EB6-4145-AFFD-7CA2A74BFB34}.Debug|Any CPU.Build.0 = Debug|Any CPU
		{94724C26-9EB6-4145-AFFD-7CA2A74BFB34}.Release|Any CPU.ActiveCfg = Release|Any CPU
		{94724C26-9EB6-4145-AFFD-7CA2A74BFB34}.Release|Any CPU.Build.0 = Release|Any CPU
	EndGlobalSection
	GlobalSection(SolutionProperties) = preSolution
		HideSolutionNode = FALSE
	EndGlobalSection
	GlobalSection(ExtensibilityGlobals) = postSolution
		SolutionGuid = {52C78F36-003A-4921-A1B4-2794D1B0F27C}
	EndGlobalSection
EndGlobal
